{
  "nodes": {
    "nixpkgs": {
      "locked": {
        "lastModified": 1783776592,
        "narHash": "sha256-UgCQzxeWI75XM8G+hPrPh+MKzEPjG3SpAj7dtqSbksA=",
        "owner": "NixOS",
        "repo": "nixpkgs",
        "rev": "e7a3ca8092b61ff85b6a45bf863ea2b2d6a661b3",
        "type": "github"
      },
      "original": {
        "owner": "NixOS",
        "ref": "nixos-unstable",
        "repo": "nixpkgs",
        "type": "github"
      }
    },
    "nuconv": {
      "inputs": {
        "nixpkgs": [
          "nixpkgs"
        ]
      },
      "locked": {
        "lastModified": 1782587295,
        "narHash": "sha256-OHpRI2PtsE1QaUi3V5r3jgHzQDGOGwtg6hHV0ulq0ns=",
        "owner": "LQR471814",
        "repo": "nuconv",
        "rev": "5739d1c36f1c13e35ff9dd156e44e94d8e8baf22",
        "type": "github"
      },
      "original": {
        "owner": "LQR471814",
        "repo": "nuconv",
        "type": "github"
      }
    },
    "root": {
      "inputs": {
        "nixpkgs": "nixpkgs",
        "nuconv": "nuconv"
      }
    }
  },
  "root": "root",
  "version": 7
}
